
Microsoft Visual Studio Solution File, Format Version 12.00
# Visual Studio 15
Project("{FAE04EC0-301F-11D3-BF4B-00C04F79EFBC}") = "TextContentAnalysis.Android", "TextContentAnalysis.Android\TextContentAnalysis.Android.csproj", "{D54B355A-B23A-45B9-8285-96079C9DF4C0}"
EndProject
Project("{FAE04EC0-301F-11D3-BF4B-00C04F79EFBC}") = "TextContentAnalysis.iOS", "TextContentAnalysis.iOS\TextContentAnalysis.iOS.csproj", "{1F5E2A57-9F89-4B0D-94CF-C3F269BD65D5}"
EndProject
Project("{FAE04EC0-301F-11D3-BF4B-00C04F79EFBC}") = "TextContentAnalysis", "TextContentAnalysis\TextContentAnalysis.csproj", "{6327003F-D638-480C-A0DE-2A71041004FC}"
EndProject
Project("{FAE04EC0-301F-11D3-BF4B-00C04F79EFBC}") = "Tests", "Tests\Tests.csproj", "{721A64DE-DBCD-41FD-8D1D-87C891E8866C}"
EndProject
Global
	GlobalSection(SolutionConfigurationPlatforms) = preSolution
		Debug|Any CPU = Debug|Any CPU
		Release|Any CPU = Release|Any CPU
		Debug|iPhoneSimulator = Debug|iPhoneSimulator
		Release|iPhoneSimulator = Release|iPhoneSimulator
		Debug|iPhone = Debug|iPhone
		Release|iPhone = Release|iPhone
	EndGlobalSection
	GlobalSection(ProjectConfigurationPlatforms) = postSolution
		{D54B355A-B23A-45B9-8285-96079C9DF4C0}.Debug|Any CPU.ActiveCfg = Debug|Any CPU
		{D54B355A-B23A-45B9-8285-96079C9DF4C0}.Debug|Any CPU.Build.0 = Debug|Any CPU
		{D54B355A-B23A-45B9-8285-96079C9DF4C0}.Release|Any CPU.ActiveCfg = Release|Any CPU
		{D54B355A-B23A-45B9-8285-96079C9DF4C0}.Release|Any CPU.Build.0 = Release|Any CPU
		{D54B355A-B23A-45B9-8285-96079C9DF4C0}.Debug|iPhoneSimulator.ActiveCfg = Debug|Any CPU
		{D54B355A-B23A-45B9-8285-96079C9DF4C0}.Debug|iPhoneSimulator.Build.0 = Debug|Any CPU
		{D54B355A-B23A-45B9-8285-96079C9DF4C0}.Release|iPhoneSimulator.ActiveCfg = Release|Any CPU
		{D54B355A-B23A-45B9-8285-96079C9DF4C0}.Release|iPhoneSimulator.Build.0 = Release|Any CPU
		{D54B355A-B23A-45B9-8285-96079C9DF4C0}.Debug|iPhone.ActiveCfg = Debug|Any CPU
		{D54B355A-B23A-45B9-8285-96079C9DF4C0}.Debug|iPhone.Build.0 = Debug|Any CPU
		{D54B355A-B23A-45B9-8285-96079C9DF4C0}.Release|iPhone.ActiveCfg = Release|Any CPU
		{D54B355A-B23A-45B9-8285-96079C9DF4C0}.Release|iPhone.Build.0 = Release|Any CPU
		{1F5E2A57-9F89-4B0D-94CF-C3F269BD65D5}.Debug|Any CPU.ActiveCfg = Debug|iPhoneSimulator
		{1F5E2A57-9F89-4B0D-94CF-C3F269BD65D5}.Debug|Any CPU.Build.0 = Debug|iPhoneSimulator
		{1F5E2A57-9F89-4B0D-94CF-C3F269BD65D5}.Release|Any CPU.ActiveCfg = Release|iPhoneSimulator
		{1F5E2A57-9F89-4B0D-94CF-C3F269BD65D5}.Release|Any CPU.Build.0 = Release|iPhoneSimulator
		{1F5E2A57-9F89-4B0D-94CF-C3F269BD65D5}.Debug|iPhoneSimulator.ActiveCfg = Debug|iPhoneSimulator
		{1F5E2A57-9F89-4B0D-94CF-C3F269BD65D5}.Debug|iPhoneSimulator.Build.0 = Debug|iPhoneSimulator
		{1F5E2A57-9F89-4B0D-94CF-C3F269BD65D5}.Release|iPhoneSimulator.ActiveCfg = Release|iPhoneSimulator
		{1F5E2A57-9F89-4B0D-94CF-C3F269BD65D5}.Release|iPhoneSimulator.Build.0 = Release|iPhoneSimulator
		{1F5E2A57-9F89-4B0D-94CF-C3F269BD65D5}.Debug|iPhone.ActiveCfg = Debug|iPhone
		{1F5E2A57-9F89-4B0D-94CF-C3F269BD65D5}.Debug|iPhone.Build.0 = Debug|iPhone
		{1F5E2A57-9F89-4B0D-94CF-C3F269BD65D5}.Release|iPhone.ActiveCfg = Release|iPhone
		{1F5E2A57-9F89-4B0D-94CF-C3F269BD65D5}.Release|iPhone.Build.0 = Release|iPhone
		{6327003F-D638-480C-A0DE-2A71041004FC}.Debug|Any CPU.ActiveCfg = Debug|Any CPU
		{6327003F-D638-480C-A0DE-2A71041004FC}.Debug|Any CPU.Build.0 = Debug|Any CPU
		{6327003F-D638-480C-A0DE-2A71041004FC}.Release|Any CPU.ActiveCfg = Release|Any CPU
		{6327003F-D638-480C-A0DE-2A71041004FC}.Release|Any CPU.Build.0 = Release|Any CPU
		{6327003F-D638-480C-A0DE-2A71041004FC}.Debug|iPhoneSimulator.ActiveCfg = Debug|Any CPU
		{6327003F-D638-480C-A0DE-2A71041004FC}.Debug|iPhoneSimulator.Build.0 = Debug|Any CPU
		{6327003F-D638-480C-A0DE-2A71041004FC}.Release|iPhoneSimulator.ActiveCfg = Release|Any CPU
		{6327003F-D638-480C-A0DE-2A71041004FC}.Release|iPhoneSimulator.Build.0 = Release|Any CPU
		{6327003F-D638-480C-A0DE-2A71041004FC}.Debug|iPhone.ActiveCfg = Debug|Any CPU
		{6327003F-D638-480C-A0DE-2A71041004FC}.Debug|iPhone.Build.0 = Debug|Any CPU
		{6327003F-D638-480C-A0DE-2A71041004FC}.Release|iPhone.ActiveCfg = Release|Any CPU
		{6327003F-D638-480C-A0DE-2A71041004FC}.Release|iPhone.Build.0 = Release|Any CPU
		{721A64DE-DBCD-41FD-8D1D-87C891E8866C}.Debug|Any CPU.ActiveCfg = Debug|Any CPU
		{721A64DE-DBCD-41FD-8D1D-87C891E8866C}.Debug|Any CPU.Build.0 = Debug|Any CPU
		{721A64DE-DBCD-41FD-8D1D-87C891E8866C}.Release|Any CPU.ActiveCfg = Release|Any CPU
		{721A64DE-DBCD-41FD-8D1D-87C891E8866C}.Release|Any CPU.Build.0 = Release|Any CPU
		{721A64DE-DBCD-41FD-8D1D-87C891E8866C}.Debug|iPhoneSimulator.ActiveCfg = Debug|Any CPU
		{721A64DE-DBCD-41FD-8D1D-87C891E8866C}.Debug|iPhoneSimulator.Build.0 = Debug|Any CPU
		{721A64DE-DBCD-41FD-8D1D-87C891E8866C}.Release|iPhoneSimulator.ActiveCfg = Release|Any CPU
		{721A64DE-DBCD-41FD-8D1D-87C891E8866C}.Release|iPhoneSimulator.Build.0 = Release|Any CPU
		{721A64DE-DBCD-41FD-8D1D-87C891E8866C}.Debug|iPhone.ActiveCfg = Debug|Any CPU
		{721A64DE-DBCD-41FD-8D1D-87C891E8866C}.Debug|iPhone.Build.0 = Debug|Any CPU
		{721A64DE-DBCD-41FD-8D1D-87C891E8866C}.Release|iPhone.ActiveCfg = Release|Any CPU
		{721A64DE-DBCD-41FD-8D1D-87C891E8866C}.Release|iPhone.Build.0 = Release|Any CPU
	EndGlobalSection
EndGlobal
